Microsoft Visual Studio Solution File, Format Version 12.00
# Visual Studio Version 16
VisualStudioVersion = 16.0.30503.244
MinimumVisualStudioVersion = 10.0.40219.1
Project("{FAE04EC0-301F-11D3-BF4B-00C04F79EFBC}") = "ImportSosGeneve", "ImportSosGeneve.csproj", "{B166317D-AA42-4F03-8BA2-DA6D86E4E55C}"
	ProjectSection(ProjectDependencies) = postProject
		{7F4CEB1E-9193-4314-9C30-A76CCC493232} = {7F4CEB1E-9193-4314-9C30-A76CCC493232}
		{DD48525A-80E8-4799-AFC1-4758F7FA6201} = {DD48525A-80E8-4799-AFC1-4758F7FA6201}
		{9BB13B5B-101E-480F-B887-BD3D212D365B} = {9BB13B5B-101E-480F-B887-BD3D212D365B}
		{AFE01266-C4DF-4EFA-8751-D66CF4CABDC5} = {AFE01266-C4DF-4EFA-8751-D66CF4CABDC5}
		{555C4BA9-9F8C-4AD4-B6B0-CF60BA07B67A} = {555C4BA9-9F8C-4AD4-B6B0-CF60BA07B67A}
		{7FB7E7FA-E1A2-495C-9BD0-1D3234BFD493} = {7FB7E7FA-E1A2-495C-9BD0-1D3234BFD493}
	EndProjectSection
EndProject
Project("{FAE04EC0-301F-11D3-BF4B-00C04F79EFBC}") = "Systeme", "..\Systeme\Systeme.csproj", "{C4B678CD-5354-4914-8FA6-860800CB5306}"
EndProject
Project("{FAE04EC0-301F-11D3-BF4B-00C04F79EFBC}") = "DAL", "..\DAL\DAL.csproj", "{AFE01266-C4DF-4EFA-8751-D66CF4CABDC5}"
	ProjectSection(ProjectDependencies) = postProject
		{DD48525A-80E8-4799-AFC1-4758F7FA6201} = {DD48525A-80E8-4799-AFC1-4758F7FA6201}
	EndProjectSection
EndProject
Project("{F184B08F-C81C-45F6-A57F-5ABD9991F28F}") = "EtatsCrystal", "..\EtatsCrystal\EtatsCrystal.vbproj", "{7FB7E7FA-E1A2-495C-9BD0-1D3234BFD493}"
	ProjectSection(ProjectDependencies) = postProject
		{DD48525A-80E8-4799-AFC1-4758F7FA6201} = {DD48525A-80E8-4799-AFC1-4758F7FA6201}
		{AFE01266-C4DF-4EFA-8751-D66CF4CABDC5} = {AFE01266-C4DF-4EFA-8751-D66CF4CABDC5}
	EndProjectSection
EndProject
Project("{F184B08F-C81C-45F6-A57F-5ABD9991F28F}") = "Facturation", "..\Facturation\Facturation.vbproj", "{7F4CEB1E-9193-4314-9C30-A76CCC493232}"
	ProjectSection(ProjectDependencies) = postProject
		{DD48525A-80E8-4799-AFC1-4758F7FA6201} = {DD48525A-80E8-4799-AFC1-4758F7FA6201}
		{AFE01266-C4DF-4EFA-8751-D66CF4CABDC5} = {AFE01266-C4DF-4EFA-8751-D66CF4CABDC5}
		{555C4BA9-9F8C-4AD4-B6B0-CF60BA07B67A} = {555C4BA9-9F8C-4AD4-B6B0-CF60BA07B67A}
	EndProjectSection
EndProject
Project("{F184B08F-C81C-45F6-A57F-5ABD9991F28F}") = "Controls", "..\Controls\Controls.vbproj", "{9BB13B5B-101E-480F-B887-BD3D212D365B}"
EndProject
Project("{F184B08F-C81C-45F6-A57F-5ABD9991F28F}") = "Utilitaires", "..\Commun\Utilitaires\Utilitaires.vbproj", "{50E7BE97-B69C-4914-9CA3-5F6AF8388C0B}"
EndProject
Project("{F184B08F-C81C-45F6-A57F-5ABD9991F28F}") = "GestionApplication", "..\GestionApplication\GestionApplication.vbproj", "{555C4BA9-9F8C-4AD4-B6B0-CF60BA07B67A}"
	ProjectSection(ProjectDependencies) = postProject
		{DD48525A-80E8-4799-AFC1-4758F7FA6201} = {DD48525A-80E8-4799-AFC1-4758F7FA6201}
		{AFE01266-C4DF-4EFA-8751-D66CF4CABDC5} = {AFE01266-C4DF-4EFA-8751-D66CF4CABDC5}
	EndProjectSection
EndProject
Project("{F184B08F-C81C-45F6-A57F-5ABD9991F28F}") = "Connexion", "..\Connexion\Connexion.vbproj", "{DD48525A-80E8-4799-AFC1-4758F7FA6201}"
EndProject
Global
	GlobalSection(SolutionConfigurationPlatforms) = preSolution
		Debug|Any CPU = Debug|Any CPU
		Release|Any CPU = Release|Any CPU
	EndGlobalSection
	GlobalSection(ProjectConfigurationPlatforms) = postSolution
		{B166317D-AA42-4F03-8BA2-DA6D86E4E55C}.Debug|Any CPU.ActiveCfg = Debug|Any CPU
		{B166317D-AA42-4F03-8BA2-DA6D86E4E55C}.Debug|Any CPU.Build.0 = Debug|Any CPU
		{B166317D-AA42-4F03-8BA2-DA6D86E4E55C}.Release|Any CPU.ActiveCfg = Release|Any CPU
		{B166317D-AA42-4F03-8BA2-DA6D86E4E55C}.Release|Any CPU.Build.0 = Release|Any CPU
		{C4B678CD-5354-4914-8FA6-860800CB5306}.Debug|Any CPU.ActiveCfg = Debug|Any CPU
		{C4B678CD-5354-4914-8FA6-860800CB5306}.Debug|Any CPU.Build.0 = Debug|Any CPU
		{C4B678CD-5354-4914-8FA6-860800CB5306}.Release|Any CPU.ActiveCfg = Release|Any CPU
		{C4B678CD-5354-4914-8FA6-860800CB5306}.Release|Any CPU.Build.0 = Release|Any CPU
		{AFE01266-C4DF-4EFA-8751-D66CF4CABDC5}.Debug|Any CPU.ActiveCfg = Debug|Any CPU
		{AFE01266-C4DF-4EFA-8751-D66CF4CABDC5}.Debug|Any CPU.Build.0 = Debug|Any CPU
		{AFE01266-C4DF-4EFA-8751-D66CF4CABDC5}.Release|Any CPU.ActiveCfg = Release|Any CPU
		{AFE01266-C4DF-4EFA-8751-D66CF4CABDC5}.Release|Any CPU.Build.0 = Release|Any CPU
		{7FB7E7FA-E1A2-495C-9BD0-1D3234BFD493}.Debug|Any CPU.ActiveCfg = Debug|Any CPU
		{7FB7E7FA-E1A2-495C-9BD0-1D3234BFD493}.Debug|Any CPU.Build.0 = Debug|Any CPU
		{7FB7E7FA-E1A2-495C-9BD0-1D3234BFD493}.Release|Any CPU.ActiveCfg = Release|Any CPU
		{7FB7E7FA-E1A2-495C-9BD0-1D3234BFD493}.Release|Any CPU.Build.0 = Release|Any CPU
		{7F4CEB1E-9193-4314-9C30-A76CCC493232}.Debug|Any CPU.ActiveCfg = Debug|Any CPU
		{7F4CEB1E-9193-4314-9C30-A76CCC493232}.Debug|Any CPU.Build.0 = Debug|Any CPU
		{7F4CEB1E-9193-4314-9C30-A76CCC493232}.Release|Any CPU.ActiveCfg = Release|Any CPU
		{7F4CEB1E-9193-4314-9C30-A76CCC493232}.Release|Any CPU.Build.0 = Release|Any CPU
		{9BB13B5B-101E-480F-B887-BD3D212D365B}.Debug|Any CPU.ActiveCfg = Debug|Any CPU
		{9BB13B5B-101E-480F-B887-BD3D212D365B}.Debug|Any CPU.Build.0 = Debug|Any CPU
		{9BB13B5B-101E-480F-B887-BD3D212D365B}.Release|Any CPU.ActiveCfg = Release|Any CPU
		{9BB13B5B-101E-480F-B887-BD3D212D365B}.Release|Any CPU.Build.0 = Release|Any CPU
		{50E7BE97-B69C-4914-9CA3-5F6AF8388C0B}.Debug|Any CPU.ActiveCfg = Debug|Any CPU
		{50E7BE97-B69C-4914-9CA3-5F6AF8388C0B}.Debug|Any CPU.Build.0 = Debug|Any CPU
		{50E7BE97-B69C-4914-9CA3-5F6AF8388C0B}.Release|Any CPU.ActiveCfg = Release|Any CPU
		{50E7BE97-B69C-4914-9CA3-5F6AF8388C0B}.Release|Any CPU.Build.0 = Release|Any CPU
		{555C4BA9-9F8C-4AD4-B6B0-CF60BA07B67A}.Debug|Any CPU.ActiveCfg = Debug|Any CPU
		{555C4BA9-9F8C-4AD4-B6B0-CF60BA07B67A}.Debug|Any CPU.Build.0 = Debug|Any CPU
		{555C4BA9-9F8C-4AD4-B6B0-CF60BA07B67A}.Release|Any CPU.ActiveCfg = Release|Any CPU
		{555C4BA9-9F8C-4AD4-B6B0-CF60BA07B67A}.Release|Any CPU.Build.0 = Release|Any CPU
		{DD48525A-80E8-4799-AFC1-4758F7FA6201}.Debug|Any CPU.ActiveCfg = Debug|Any CPU
		{DD48525A-80E8-4799-AFC1-4758F7FA6201}.Debug|Any CPU.Build.0 = Debug|Any CPU
		{DD48525A-80E8-4799-AFC1-4758F7FA6201}.Release|Any CPU.ActiveCfg = Release|Any CPU
		{DD48525A-80E8-4799-AFC1-4758F7FA6201}.Release|Any CPU.Build.0 = Release|Any CPU
	EndGlobalSection
	GlobalSection(SolutionProperties) = preSolution
		HideSolutionNode = FALSE
	EndGlobalSection
	GlobalSection(ExtensibilityGlobals) = postSolution
		SolutionGuid = {8B4BD196-45FF-4E9F-B567-C110E4037990}
	EndGlobalSection
EndGlobal
